
Microsoft Visual Studio Solution File, Format Version 12.00
# Visual Studio 15
VisualStudioVersion = 15.0.28010.2046
MinimumVisualStudioVersion = 10.0.40219.1
Project("{FAE04EC0-301F-11D3-BF4B-00C04F79EFBC}") = "FaceId.Core", "FaceId.Core\FaceId.Core.csproj", "{067143A5-96C3-4ADA-822B-4E3F81541E41}"
EndProject
Project("{FAE04EC0-301F-11D3-BF4B-00C04F79EFBC}") = "FaceId.UI", "FaceId.UI\FaceId.UI.csproj", "{9CF8C82C-03BE-4E1D-90C6-F3EFDAEB7924}"
EndProject
Global
	GlobalSection(SolutionConfigurationPlatforms) = preSolution
		Debug|Any CPU = Debug|Any CPU
		Release|Any CPU = Release|Any CPU
	EndGlobalSection
	GlobalSection(ProjectConfigurationPlatforms) = postSolution
		{067143A5-96C3-4ADA-822B-4E3F81541E41}.Debug|Any CPU.ActiveCfg = Debug|Any CPU
		{067143A5-96C3-4ADA-822B-4E3F81541E41}.Debug|Any CPU.Build.0 = Debug|Any CPU
		{067143A5-96C3-4ADA-822B-4E3F81541E41}.Release|Any CPU.ActiveCfg = Release|Any CPU
		{067143A5-96C3-4ADA-822B-4E3F81541E41}.Release|Any CPU.Build.0 = Release|Any CPU
		{9CF8C82C-03BE-4E1D-90C6-F3EFDAEB7924}.Debug|Any CPU.ActiveCfg = Debug|Any CPU
		{9CF8C82C-03BE-4E1D-90C6-F3EFDAEB7924}.Debug|Any CPU.Build.0 = Debug|Any CPU
		{9CF8C82C-03BE-4E1D-90C6-F3EFDAEB7924}.Release|Any CPU.ActiveCfg = Release|Any CPU
		{9CF8C82C-03BE-4E1D-90C6-F3EFDAEB7924}.Release|Any CPU.Build.0 = Release|Any CPU
	EndGlobalSection
	GlobalSection(SolutionProperties) = preSolution
		HideSolutionNode = FALSE
	EndGlobalSection
	GlobalSection(ExtensibilityGlobals) = postSolution
		SolutionGuid = {E7B4D7B0-6195-419A-B404-F382DE0664E9}
	EndGlobalSection
EndGlobal
